
Microsoft Visual Studio Solution File, Format Version 12.00
# Visual Studio Version 17
VisualStudioVersion = 17.6.33801.468
MinimumVisualStudioVersion = 10.0.40219.1
Project("{FAE04EC0-301F-11D3-BF4B-00C04F79EFBC}") = "DynamicMemory1", "DynamicMemory1\DynamicMemory1.csproj", "{8F257C39-E976-4022-91ED-02F84781C6C4}"
EndProject
Global
	GlobalSection(SolutionConfigurationPlatforms) = preSolution
		Debug|Any CPU = Debug|Any CPU
		Release|Any CPU = Release|Any CPU
	EndGlobalSection
	GlobalSection(ProjectConfigurationPlatforms) = postSolution
		{8F257C39-E976-4022-91ED-02F84781C6C4}.Debug|Any CPU.ActiveCfg = Debug|Any CPU
		{8F257C39-E976-4022-91ED-02F84781C6C4}.Debug|Any CPU.Build.0 = Debug|Any CPU
		{8F257C39-E976-4022-91ED-02F84781C6C4}.Release|Any CPU.ActiveCfg = Release|Any CPU
		{8F257C39-E976-4022-91ED-02F84781C6C4}.Release|Any CPU.Build.0 = Release|Any CPU
	EndGlobalSection
	GlobalSection(SolutionProperties) = preSolution
		HideSolutionNode = FALSE
	EndGlobalSection
	GlobalSection(ExtensibilityGlobals) = postSolution
		SolutionGuid = {FBDC7098-5843-4BDC-8A8F-E41C83262F45}
	EndGlobalSection
EndGlobal
